{
  "object": {
    "pins": [
      {
        "package": "AssetCatalogAwarePre13",
        "repositoryURL": "git@github.com:wltrup/AssetCatalogAwarePre13.git",
        "state": {
          "branch": null,
          "revision": "ae905a9f1e8e4dbaf02932e3930ae52aa75886df",
          "version": "0.1.0"
        }
      }
    ]
  },
  "version": 1
}
