{
  "object": {
    "pins": [
      {
        "package": "AssetCatalogAwarePre13",
        "repositoryURL": "git@github.com:wltrup/AssetCatalogAwarePre13.git",
        "state": {
          "branch": null,
          "revision": "9a56a83d7d2cc735f66aa33a647a895e0a394a72",
          "version": "0.1.0"
        }
      }
    ]
  },
  "version": 1
}
